
Microsoft Visual Studio Solution File, Format Version 12.00
# Visual Studio 15
VisualStudioVersion = 15.0.26730.16
MinimumVisualStudioVersion = 10.0.40219.1
Project("{D954291E-2A0B-460D-934E-DC6B0785DB48}") = "JahMoon", "JahMoon\JahMoon\JahMoon.shproj", "{0C5898C1-B12B-4E87-BF31-7668A3C0480D}"
EndProject
Project("{FAE04EC0-301F-11D3-BF4B-00C04F79EFBC}") = "JahMoon.Android", "JahMoon\JahMoon.Android\JahMoon.Android.csproj", "{B79DD7C1-3D78-44DE-8961-AD44A3E9029C}"
EndProject
Project("{FAE04EC0-301F-11D3-BF4B-00C04F79EFBC}") = "JahMoon.iOS", "JahMoon\JahMoon.iOS\JahMoon.iOS.csproj", "{15E2F3F3-ACDD-4D9D-B8CC-5B0AB8D54394}"
EndProject
Project("{FAE04EC0-301F-11D3-BF4B-00C04F79EFBC}") = "JahMoon.UWP", "JahMoon\JahMoon.UWP\JahMoon.UWP.csproj", "{70CD20CD-09B9-4E8D-9D37-A11A37B3D69B}"
EndProject
Global
	GlobalSection(SharedMSBuildProjectFiles) = preSolution
		JahMoon\JahMoon\JahMoon.projitems*{0c5898c1-b12b-4e87-bf31-7668a3c0480d}*SharedItemsImports = 13
		JahMoon\JahMoon\JahMoon.projitems*{15e2f3f3-acdd-4d9d-b8cc-5b0ab8d54394}*SharedItemsImports = 4
		JahMoon\JahMoon\JahMoon.projitems*{b79dd7c1-3d78-44de-8961-ad44a3e9029c}*SharedItemsImports = 4
	EndGlobalSection
	GlobalSection(SolutionConfigurationPlatforms) = preSolution
		Ad-Hoc|Any CPU = Ad-Hoc|Any CPU
		Ad-Hoc|ARM = Ad-Hoc|ARM
		Ad-Hoc|iPhone = Ad-Hoc|iPhone
		Ad-Hoc|iPhoneSimulator = Ad-Hoc|iPhoneSimulator
		Ad-Hoc|x64 = Ad-Hoc|x64
		Ad-Hoc|x86 = Ad-Hoc|x86
		AppStore|Any CPU = AppStore|Any CPU
		AppStore|ARM = AppStore|ARM
		AppStore|iPhone = AppStore|iPhone
		AppStore|iPhoneSimulator = AppStore|iPhoneSimulator
		AppStore|x64 = AppStore|x64
		AppStore|x86 = AppStore|x86
		Debug|Any CPU = Debug|Any CPU
		Debug|ARM = Debug|ARM
		Debug|iPhone = Debug|iPhone
		Debug|iPhoneSimulator = Debug|iPhoneSimulator
		Debug|x64 = Debug|x64
		Debug|x86 = Debug|x86
		Release|Any CPU = Release|Any CPU
		Release|ARM = Release|ARM
		Release|iPhone = Release|iPhone
		Release|iPhoneSimulator = Release|iPhoneSimulator
		Release|x64 = Release|x64
		Release|x86 = Release|x86
	EndGlobalSection
	GlobalSection(ProjectConfigurationPlatforms) = postSolution
		{B79DD7C1-3D78-44DE-8961-AD44A3E9029C}.Ad-Hoc|Any CPU.ActiveCfg = Release|Any CPU
		{B79DD7C1-3D78-44DE-8961-AD44A3E9029C}.Ad-Hoc|Any CPU.Build.0 = Release|Any CPU
		{B79DD7C1-3D78-44DE-8961-AD44A3E9029C}.Ad-Hoc|Any CPU.Deploy.0 = Release|Any CPU
		{B79DD7C1-3D78-44DE-8961-AD44A3E9029C}.Ad-Hoc|ARM.ActiveCfg = Release|Any CPU
		{B79DD7C1-3D78-44DE-8961-AD44A3E9029C}.Ad-Hoc|ARM.Build.0 = Release|Any CPU
		{B79DD7C1-3D78-44DE-8961-AD44A3E9029C}.Ad-Hoc|ARM.Deploy.0 = Release|Any CPU
		{B79DD7C1-3D78-44DE-8961-AD44A3E9029C}.Ad-Hoc|iPhone.ActiveCfg = Release|Any CPU
		{B79DD7C1-3D78-44DE-8961-AD44A3E9029C}.Ad-Hoc|iPhone.Build.0 = Release|Any CPU
		{B79DD7C1-3D78-44DE-8961-AD44A3E9029C}.Ad-Hoc|iPhone.Deploy.0 = Release|Any CPU
		{B79DD7C1-3D78-44DE-8961-AD44A3E9029C}.Ad-Hoc|iPhoneSimulator.ActiveCfg = Release|Any CPU
		{B79DD7C1-3D78-44DE-8961-AD44A3E9029C}.Ad-Hoc|iPhoneSimulator.Build.0 = Release|Any CPU
		{B79DD7C1-3D78-44DE-8961-AD44A3E9029C}.Ad-Hoc|iPhoneSimulator.Deploy.0 = Release|Any CPU
		{B79DD7C1-3D78-44DE-8961-AD44A3E9029C}.Ad-Hoc|x64.ActiveCfg = Release|Any CPU
		{B79DD7C1-3D78-44DE-8961-AD44A3E9029C}.Ad-Hoc|x64.Build.0 = Release|Any CPU
		{B79DD7C1-3D78-44DE-8961-AD44A3E9029C}.Ad-Hoc|x64.Deploy.0 = Release|Any CPU
		{B79DD7C1-3D78-44DE-8961-AD44A3E9029C}.Ad-Hoc|x86.ActiveCfg = Release|Any CPU
		{B79DD7C1-3D78-44DE-8961-AD44A3E9029C}.Ad-Hoc|x86.Build.0 = Release|Any CPU
		{B79DD7C1-3D78-44DE-8961-AD44A3E9029C}.Ad-Hoc|x86.Deploy.0 = Release|Any CPU
		{B79DD7C1-3D78-44DE-8961-AD44A3E9029C}.AppStore|Any CPU.ActiveCfg = Release|Any CPU
		{B79DD7C1-3D78-44DE-8961-AD44A3E9029C}.AppStore|Any CPU.Build.0 = Release|Any CPU
		{B79DD7C1-3D78-44DE-8961-AD44A3E9029C}.AppStore|Any CPU.Deploy.0 = Release|Any CPU
		{B79DD7C1-3D78-44DE-8961-AD44A3E9029C}.AppStore|ARM.ActiveCfg = Release|Any CPU
		{B79DD7C1-3D78-44DE-8961-AD44A3E9029C}.AppStore|ARM.Build.0 = Release|Any CPU
		{B79DD7C1-3D78-44DE-8961-AD44A3E9029C}.AppStore|ARM.Deploy.0 = Release|Any CPU
		{B79DD7C1-3D78-44DE-8961-AD44A3E9029C}.AppStore|iPhone.ActiveCfg = Release|Any CPU
		{B79DD7C1-3D78-44DE-8961-AD44A3E9029C}.AppStore|iPhone.Build.0 = Release|Any CPU
		{B79DD7C1-3D78-44DE-8961-AD44A3E9029C}.AppStore|iPhone.Deploy.0 = Release|Any CPU
		{B79DD7C1-3D78-44DE-8961-AD44A3E9029C}.AppStore|iPhoneSimulator.ActiveCfg = Release|Any CPU
		{B79DD7C1-3D78-44DE-8961-AD44A3E9029C}.AppStore|iPhoneSimulator.Build.0 = Release|Any CPU
		{B79DD7C1-3D78-44DE-8961-AD44A3E9029C}.AppStore|iPhoneSimulator.Deploy.0 = Release|Any CPU
		{B79DD7C1-3D78-44DE-8961-AD44A3E9029C}.AppStore|x64.ActiveCfg = Release|Any CPU
		{B79DD7C1-3D78-44DE-8961-AD44A3E9029C}.AppStore|x64.Build.0 = Release|Any CPU
		{B79DD7C1-3D78-44DE-8961-AD44A3E9029C}.AppStore|x64.Deploy.0 = Release|Any CPU
		{B79DD7C1-3D78-44DE-8961-AD44A3E9029C}.AppStore|x86.ActiveCfg = Release|Any CPU
		{B79DD7C1-3D78-44DE-8961-AD44A3E9029C}.AppStore|x86.Build.0 = Release|Any CPU
		{B79DD7C1-3D78-44DE-8961-AD44A3E9029C}.AppStore|x86.Deploy.0 = Release|Any CPU
		{B79DD7C1-3D78-44DE-8961-AD44A3E9029C}.Debug|Any CPU.ActiveCfg = Debug|Any CPU
		{B79DD7C1-3D78-44DE-8961-AD44A3E9029C}.Debug|Any CPU.Build.0 = Debug|Any CPU
		{B79DD7C1-3D78-44DE-8961-AD44A3E9029C}.Debug|Any CPU.Deploy.0 = Debug|Any CPU
		{B79DD7C1-3D78-44DE-8961-AD44A3E9029C}.Debug|ARM.ActiveCfg = Debug|Any CPU
		{B79DD7C1-3D78-44DE-8961-AD44A3E9029C}.Debug|ARM.Build.0 = Debug|Any CPU
		{B79DD7C1-3D78-44DE-8961-AD44A3E9029C}.Debug|ARM.Deploy.0 = Debug|Any CPU
		{B79DD7C1-3D78-44DE-8961-AD44A3E9029C}.Debug|iPhone.ActiveCfg = Debug|Any CPU
		{B79DD7C1-3D78-44DE-8961-AD44A3E9029C}.Debug|iPhone.Build.0 = Debug|Any CPU
		{B79DD7C1-3D78-44DE-8961-AD44A3E9029C}.Debug|iPhone.Deploy.0 = Debug|Any CPU
		{B79DD7C1-3D78-44DE-8961-AD44A3E9029C}.Debug|iPhoneSimulator.ActiveCfg = Debug|Any CPU
		{B79DD7C1-3D78-44DE-8961-AD44A3E9029C}.Debug|iPhoneSimulator.Build.0 = Debug|Any CPU
		{B79DD7C1-3D78-44DE-8961-AD44A3E9029C}.Debug|iPhoneSimulator.Deploy.0 = Debug|Any CPU
		{B79DD7C1-3D78-44DE-8961-AD44A3E9029C}.Debug|x64.ActiveCfg = Debug|Any CPU
		{B79DD7C1-3D78-44DE-8961-AD44A3E9029C}.Debug|x64.Build.0 = Debug|Any CPU
		{B79DD7C1-3D78-44DE-8961-AD44A3E9029C}.Debug|x64.Deploy.0 = Debug|Any CPU
		{B79DD7C1-3D78-44DE-8961-AD44A3E9029C}.Debug|x86.ActiveCfg = Debug|Any CPU
		{B79DD7C1-3D78-44DE-8961-AD44A3E9029C}.Debug|x86.Build.0 = Debug|Any CPU
		{B79DD7C1-3D78-44DE-8961-AD44A3E9029C}.Debug|x86.Deploy.0 = Debug|Any CPU
		{B79DD7C1-3D78-44DE-8961-AD44A3E9029C}.Release|Any CPU.ActiveCfg = Release|Any CPU
		{B79DD7C1-3D78-44DE-8961-AD44A3E9029C}.Release|Any CPU.Build.0 = Release|Any CPU
		{B79DD7C1-3D78-44DE-8961-AD44A3E9029C}.Release|Any CPU.Deploy.0 = Release|Any CPU
		{B79DD7C1-3D78-44DE-8961-AD44A3E9029C}.Release|ARM.ActiveCfg = Release|Any CPU
		{B79DD7C1-3D78-44DE-8961-AD44A3E9029C}.Release|ARM.Build.0 = Release|Any CPU
		{B79DD7C1-3D78-44DE-8961-AD44A3E9029C}.Release|ARM.Deploy.0 = Release|Any CPU
		{B79DD7C1-3D78-44DE-8961-AD44A3E9029C}.Release|iPhone.ActiveCfg = Release|Any CPU
		{B79DD7C1-3D78-44DE-8961-AD44A3E9029C}.Release|iPhone.Build.0 = Release|Any CPU
		{B79DD7C1-3D78-44DE-8961-AD44A3E9029C}.Release|iPhone.Deploy.0 = Release|Any CPU
		{B79DD7C1-3D78-44DE-8961-AD44A3E9029C}.Release|iPhoneSimulator.ActiveCfg = Release|Any CPU
		{B79DD7C1-3D78-44DE-8961-AD44A3E9029C}.Release|iPhoneSimulator.Build.0 = Release|Any CPU
		{B79DD7C1-3D78-44DE-8961-AD44A3E9029C}.Release|iPhoneSimulator.Deploy.0 = Release|Any CPU
		{B79DD7C1-3D78-44DE-8961-AD44A3E9029C}.Release|x64.ActiveCfg = Release|Any CPU
		{B79DD7C1-3D78-44DE-8961-AD44A3E9029C}.Release|x64.Build.0 = Release|Any CPU
		{B79DD7C1-3D78-44DE-8961-AD44A3E9029C}.Release|x64.Deploy.0 = Release|Any CPU
		{B79DD7C1-3D78-44DE-8961-AD44A3E9029C}.Release|x86.ActiveCfg = Release|Any CPU
		{B79DD7C1-3D78-44DE-8961-AD44A3E9029C}.Release|x86.Build.0 = Release|Any CPU
		{B79DD7C1-3D78-44DE-8961-AD44A3E9029C}.Release|x86.Deploy.0 = Release|Any CPU
		{15E2F3F3-ACDD-4D9D-B8CC-5B0AB8D54394}.Ad-Hoc|Any CPU.ActiveCfg = Ad-Hoc|iPhone
		{15E2F3F3-ACDD-4D9D-B8CC-5B0AB8D54394}.Ad-Hoc|ARM.ActiveCfg = Ad-Hoc|iPhone
		{15E2F3F3-ACDD-4D9D-B8CC-5B0AB8D54394}.Ad-Hoc|iPhone.ActiveCfg = Ad-Hoc|iPhone
		{15E2F3F3-ACDD-4D9D-B8CC-5B0AB8D54394}.Ad-Hoc|iPhone.Build.0 = Ad-Hoc|iPhone
		{15E2F3F3-ACDD-4D9D-B8CC-5B0AB8D54394}.Ad-Hoc|iPhoneSimulator.ActiveCfg = Ad-Hoc|iPhoneSimulator
		{15E2F3F3-ACDD-4D9D-B8CC-5B0AB8D54394}.Ad-Hoc|iPhoneSimulator.Build.0 = Ad-Hoc|iPhoneSimulator
		{15E2F3F3-ACDD-4D9D-B8CC-5B0AB8D54394}.Ad-Hoc|x64.ActiveCfg = Ad-Hoc|iPhone
		{15E2F3F3-ACDD-4D9D-B8CC-5B0AB8D54394}.Ad-Hoc|x86.ActiveCfg = Ad-Hoc|iPhone
		{15E2F3F3-ACDD-4D9D-B8CC-5B0AB8D54394}.AppStore|Any CPU.ActiveCfg = AppStore|iPhone
		{15E2F3F3-ACDD-4D9D-B8CC-5B0AB8D54394}.AppStore|ARM.ActiveCfg = AppStore|iPhone
		{15E2F3F3-ACDD-4D9D-B8CC-5B0AB8D54394}.AppStore|iPhone.ActiveCfg = AppStore|iPhone
		{15E2F3F3-ACDD-4D9D-B8CC-5B0AB8D54394}.AppStore|iPhone.Build.0 = AppStore|iPhone
		{15E2F3F3-ACDD-4D9D-B8CC-5B0AB8D54394}.AppStore|iPhoneSimulator.ActiveCfg = AppStore|iPhoneSimulator
		{15E2F3F3-ACDD-4D9D-B8CC-5B0AB8D54394}.AppStore|iPhoneSimulator.Build.0 = AppStore|iPhoneSimulator
		{15E2F3F3-ACDD-4D9D-B8CC-5B0AB8D54394}.AppStore|x64.ActiveCfg = AppStore|iPhone
		{15E2F3F3-ACDD-4D9D-B8CC-5B0AB8D54394}.AppStore|x86.ActiveCfg = AppStore|iPhone
		{15E2F3F3-ACDD-4D9D-B8CC-5B0AB8D54394}.Debug|Any CPU.ActiveCfg = Debug|iPhone
		{15E2F3F3-ACDD-4D9D-B8CC-5B0AB8D54394}.Debug|ARM.ActiveCfg = Debug|iPhone
		{15E2F3F3-ACDD-4D9D-B8CC-5B0AB8D54394}.Debug|iPhone.ActiveCfg = Debug|iPhone
		{15E2F3F3-ACDD-4D9D-B8CC-5B0AB8D54394}.Debug|iPhone.Build.0 = Debug|iPhone
		{15E2F3F3-ACDD-4D9D-B8CC-5B0AB8D54394}.Debug|iPhoneSimulator.ActiveCfg = Debug|iPhoneSimulator
		{15E2F3F3-ACDD-4D9D-B8CC-5B0AB8D54394}.Debug|iPhoneSimulator.Build.0 = Debug|iPhoneSimulator
		{15E2F3F3-ACDD-4D9D-B8CC-5B0AB8D54394}.Debug|x64.ActiveCfg = Debug|iPhone
		{15E2F3F3-ACDD-4D9D-B8CC-5B0AB8D54394}.Debug|x86.ActiveCfg = Debug|iPhone
		{15E2F3F3-ACDD-4D9D-B8CC-5B0AB8D54394}.Release|Any CPU.ActiveCfg = Release|iPhone
		{15E2F3F3-ACDD-4D9D-B8CC-5B0AB8D54394}.Release|ARM.ActiveCfg = Release|iPhone
		{15E2F3F3-ACDD-4D9D-B8CC-5B0AB8D54394}.Release|iPhone.ActiveCfg = Release|iPhone
		{15E2F3F3-ACDD-4D9D-B8CC-5B0AB8D54394}.Release|iPhone.Build.0 = Release|iPhone
		{15E2F3F3-ACDD-4D9D-B8CC-5B0AB8D54394}.Release|iPhoneSimulator.ActiveCfg = Release|iPhoneSimulator
		{15E2F3F3-ACDD-4D9D-B8CC-5B0AB8D54394}.Release|iPhoneSimulator.Build.0 = Release|iPhoneSimulator
		{15E2F3F3-ACDD-4D9D-B8CC-5B0AB8D54394}.Release|x64.ActiveCfg = Release|iPhone
		{15E2F3F3-ACDD-4D9D-B8CC-5B0AB8D54394}.Release|x86.ActiveCfg = Release|iPhone
		{70CD20CD-09B9-4E8D-9D37-A11A37B3D69B}.Ad-Hoc|Any CPU.ActiveCfg = Release|x86
		{70CD20CD-09B9-4E8D-9D37-A11A37B3D69B}.Ad-Hoc|Any CPU.Build.0 = Release|x86
		{70CD20CD-09B9-4E8D-9D37-A11A37B3D69B}.Ad-Hoc|Any CPU.Deploy.0 = Release|x86
		{70CD20CD-09B9-4E8D-9D37-A11A37B3D69B}.Ad-Hoc|ARM.ActiveCfg = Release|ARM
		{70CD20CD-09B9-4E8D-9D37-A11A37B3D69B}.Ad-Hoc|ARM.Build.0 = Release|ARM
		{70CD20CD-09B9-4E8D-9D37-A11A37B3D69B}.Ad-Hoc|ARM.Deploy.0 = Release|ARM
		{70CD20CD-09B9-4E8D-9D37-A11A37B3D69B}.Ad-Hoc|iPhone.ActiveCfg = Release|x86
		{70CD20CD-09B9-4E8D-9D37-A11A37B3D69B}.Ad-Hoc|iPhone.Build.0 = Release|x86
		{70CD20CD-09B9-4E8D-9D37-A11A37B3D69B}.Ad-Hoc|iPhone.Deploy.0 = Release|x86
		{70CD20CD-09B9-4E8D-9D37-A11A37B3D69B}.Ad-Hoc|iPhoneSimulator.ActiveCfg = Release|x86
		{70CD20CD-09B9-4E8D-9D37-A11A37B3D69B}.Ad-Hoc|iPhoneSimulator.Build.0 = Release|x86
		{70CD20CD-09B9-4E8D-9D37-A11A37B3D69B}.Ad-Hoc|iPhoneSimulator.Deploy.0 = Release|x86
		{70CD20CD-09B9-4E8D-9D37-A11A37B3D69B}.Ad-Hoc|x64.ActiveCfg = Release|x64
		{70CD20CD-09B9-4E8D-9D37-A11A37B3D69B}.Ad-Hoc|x64.Build.0 = Release|x64
		{70CD20CD-09B9-4E8D-9D37-A11A37B3D69B}.Ad-Hoc|x64.Deploy.0 = Release|x64
		{70CD20CD-09B9-4E8D-9D37-A11A37B3D69B}.Ad-Hoc|x86.ActiveCfg = Release|x86
		{70CD20CD-09B9-4E8D-9D37-A11A37B3D69B}.Ad-Hoc|x86.Build.0 = Release|x86
		{70CD20CD-09B9-4E8D-9D37-A11A37B3D69B}.Ad-Hoc|x86.Deploy.0 = Release|x86
		{70CD20CD-09B9-4E8D-9D37-A11A37B3D69B}.AppStore|Any CPU.ActiveCfg = Release|x86
		{70CD20CD-09B9-4E8D-9D37-A11A37B3D69B}.AppStore|Any CPU.Build.0 = Release|x86
		{70CD20CD-09B9-4E8D-9D37-A11A37B3D69B}.AppStore|Any CPU.Deploy.0 = Release|x86
		{70CD20CD-09B9-4E8D-9D37-A11A37B3D69B}.AppStore|ARM.ActiveCfg = Release|ARM
		{70CD20CD-09B9-4E8D-9D37-A11A37B3D69B}.AppStore|ARM.Build.0 = Release|ARM
		{70CD20CD-09B9-4E8D-9D37-A11A37B3D69B}.AppStore|ARM.Deploy.0 = Release|ARM
		{70CD20CD-09B9-4E8D-9D37-A11A37B3D69B}.AppStore|iPhone.ActiveCfg = Release|x86
		{70CD20CD-09B9-4E8D-9D37-A11A37B3D69B}.AppStore|iPhone.Build.0 = Release|x86
		{70CD20CD-09B9-4E8D-9D37-A11A37B3D69B}.AppStore|iPhone.Deploy.0 = Release|x86
		{70CD20CD-09B9-4E8D-9D37-A11A37B3D69B}.AppStore|iPhoneSimulator.ActiveCfg = Release|x86
		{70CD20CD-09B9-4E8D-9D37-A11A37B3D69B}.AppStore|iPhoneSimulator.Build.0 = Release|x86
		{70CD20CD-09B9-4E8D-9D37-A11A37B3D69B}.AppStore|iPhoneSimulator.Deploy.0 = Release|x86
		{70CD20CD-09B9-4E8D-9D37-A11A37B3D69B}.AppStore|x64.ActiveCfg = Release|x64
		{70CD20CD-09B9-4E8D-9D37-A11A37B3D69B}.AppStore|x64.Build.0 = Release|x64
		{70CD20CD-09B9-4E8D-9D37-A11A37B3D69B}.AppStore|x64.Deploy.0 = Release|x64
		{70CD20CD-09B9-4E8D-9D37-A11A37B3D69B}.AppStore|x86.ActiveCfg = Release|x86
		{70CD20CD-09B9-4E8D-9D37-A11A37B3D69B}.AppStore|x86.Build.0 = Release|x86
		{70CD20CD-09B9-4E8D-9D37-A11A37B3D69B}.AppStore|x86.Deploy.0 = Release|x86
		{70CD20CD-09B9-4E8D-9D37-A11A37B3D69B}.Debug|Any CPU.ActiveCfg = Debug|x86
		{70CD20CD-09B9-4E8D-9D37-A11A37B3D69B}.Debug|ARM.ActiveCfg = Debug|ARM
		{70CD20CD-09B9-4E8D-9D37-A11A37B3D69B}.Debug|ARM.Build.0 = Debug|ARM
		{70CD20CD-09B9-4E8D-9D37-A11A37B3D69B}.Debug|ARM.Deploy.0 = Debug|ARM
		{70CD20CD-09B9-4E8D-9D37-A11A37B3D69B}.Debug|iPhone.ActiveCfg = Debug|x86
		{70CD20CD-09B9-4E8D-9D37-A11A37B3D69B}.Debug|iPhoneSimulator.ActiveCfg = Debug|x86
		{70CD20CD-09B9-4E8D-9D37-A11A37B3D69B}.Debug|x64.ActiveCfg = Debug|x64
		{70CD20CD-09B9-4E8D-9D37-A11A37B3D69B}.Debug|x64.Build.0 = Debug|x64
		{70CD20CD-09B9-4E8D-9D37-A11A37B3D69B}.Debug|x64.Deploy.0 = Debug|x64
		{70CD20CD-09B9-4E8D-9D37-A11A37B3D69B}.Debug|x86.ActiveCfg = Debug|x86
		{70CD20CD-09B9-4E8D-9D37-A11A37B3D69B}.Debug|x86.Build.0 = Debug|x86
		{70CD20CD-09B9-4E8D-9D37-A11A37B3D69B}.Debug|x86.Deploy.0 = Debug|x86
		{70CD20CD-09B9-4E8D-9D37-A11A37B3D69B}.Release|Any CPU.ActiveCfg = Release|x86
		{70CD20CD-09B9-4E8D-9D37-A11A37B3D69B}.Release|ARM.ActiveCfg = Release|ARM
		{70CD20CD-09B9-4E8D-9D37-A11A37B3D69B}.Release|ARM.Build.0 = Release|ARM
		{70CD20CD-09B9-4E8D-9D37-A11A37B3D69B}.Release|ARM.Deploy.0 = Release|ARM
		{70CD20CD-09B9-4E8D-9D37-A11A37B3D69B}.Release|iPhone.ActiveCfg = Release|x86
		{70CD20CD-09B9-4E8D-9D37-A11A37B3D69B}.Release|iPhoneSimulator.ActiveCfg = Release|x86
		{70CD20CD-09B9-4E8D-9D37-A11A37B3D69B}.Release|x64.ActiveCfg = Release|x64
		{70CD20CD-09B9-4E8D-9D37-A11A37B3D69B}.Release|x64.Build.0 = Release|x64
		{70CD20CD-09B9-4E8D-9D37-A11A37B3D69B}.Release|x64.Deploy.0 = Release|x64
		{70CD20CD-09B9-4E8D-9D37-A11A37B3D69B}.Release|x86.ActiveCfg = Release|x86
		{70CD20CD-09B9-4E8D-9D37-A11A37B3D69B}.Release|x86.Build.0 = Release|x86
		{70CD20CD-09B9-4E8D-9D37-A11A37B3D69B}.Release|x86.Deploy.0 = Release|x86
	EndGlobalSection
	GlobalSection(SolutionProperties) = preSolution
		HideSolutionNode = FALSE
	EndGlobalSection
	GlobalSection(ExtensibilityGlobals) = postSolution
		SolutionGuid = {21BC3355-47AF-4C42-9A7A-826AD80F486C}
	EndGlobalSection
EndGlobal
